// !$*UTF8*$!
{
	archiveVersion = 1;
	classes = {
	};
	objectVersion = 46;
	objects = {

/* Begin PBXBuildFile section */
		2C5D620B1D9FF540009266AC /* WatchMessageDelegate.swift in Sources */ = {isa = PBXBuildFile; fileRef = 2C5D620A1D9FF540009266AC /* WatchMessageDelegate.swift */; };
		2C5D620D1DA019D2009266AC /* WatchMessageDelegate.swift in Sources */ = {isa = PBXBuildFile; fileRef = 2C5D620C1DA019D2009266AC /* WatchMessageDelegate.swift */; };
		2C74A5661D9F4D8200ED3849 /* NotificationService.swift in Sources */ = {isa = PBXBuildFile; fileRef = 2C74A5651D9F4D8200ED3849 /* NotificationService.swift */; };
		2C74A5681D9F4D8C00ED3849 /* TimeMachine.swift in Sources */ = {isa = PBXBuildFile; fileRef = 2C74A5671D9F4D8C00ED3849 /* TimeMachine.swift */; };
		2CCA83381D9C8AC2003C61A3 /* AppDelegate.swift in Sources */ = {isa = PBXBuildFile; fileRef = 2CCA83371D9C8AC2003C61A3 /* AppDelegate.swift */; };
		2CCA833D1D9C8AC2003C61A3 /* Main.storyboard in Resources */ = {isa = PBXBuildFile; fileRef = 2CCA833B1D9C8AC2003C61A3 /* Main.storyboard */; };
		2CCA833F1D9C8AC2003C61A3 /* Assets.xcassets in Resources */ = {isa = PBXBuildFile; fileRef = 2CCA833E1D9C8AC2003C61A3 /* Assets.xcassets */; };
		2CCA83421D9C8AC2003C61A3 /* LaunchScreen.storyboard in Resources */ = {isa = PBXBuildFile; fileRef = 2CCA83401D9C8AC2003C61A3 /* LaunchScreen.storyboard */; };
		2CCA834D1D9C8AC2003C61A3 /* twentytwentytwentyUITests.swift in Sources */ = {isa = PBXBuildFile; fileRef = 2CCA834C1D9C8AC2003C61A3 /* twentytwentytwentyUITests.swift */; };
		2CCA83521D9C8AC2003C61A3 /* twentytwentytwenty WatchKit App.app in Embed Watch Content */ = {isa = PBXBuildFile; fileRef = 2CCA83511D9C8AC2003C61A3 /* twentytwentytwenty WatchKit App.app */; };
		2CCA83581D9C8AC2003C61A3 /* Interface.storyboard in Resources */ = {isa = PBXBuildFile; fileRef = 2CCA83561D9C8AC2003C61A3 /* Interface.storyboard */; };
		2CCA835A1D9C8AC2003C61A3 /* Assets.xcassets in Resources */ = {isa = PBXBuildFile; fileRef = 2CCA83591D9C8AC2003C61A3 /* Assets.xcassets */; };
		2CCA83611D9C8AC2003C61A3 /* twentytwentytwenty WatchKit Extension.appex in Embed App Extensions */ = {isa = PBXBuildFile; fileRef = 2CCA83601D9C8AC2003C61A3 /* twentytwentytwenty WatchKit Extension.appex */; settings = {ATTRIBUTES = (RemoveHeadersOnCopy, ); }; };
		2CCA83681D9C8AC2003C61A3 /* InterfaceController.swift in Sources */ = {isa = PBXBuildFile; fileRef = 2CCA83671D9C8AC2003C61A3 /* InterfaceController.swift */; };
		2CCA836A1D9C8AC2003C61A3 /* ExtensionDelegate.swift in Sources */ = {isa = PBXBuildFile; fileRef = 2CCA83691D9C8AC2003C61A3 /* ExtensionDelegate.swift */; };
		2CCA836C1D9C8AC2003C61A3 /* NotificationController.swift in Sources */ = {isa = PBXBuildFile; fileRef = 2CCA836B1D9C8AC2003C61A3 /* NotificationController.swift */; };
		2CCA836E1D9C8AC2003C61A3 /* Assets.xcassets in Resources */ = {isa = PBXBuildFile; fileRef = 2CCA836D1D9C8AC2003C61A3 /* Assets.xcassets */; };
		2CCA83811D9C8ADF003C61A3 /* MainViewController.swift in Sources */ = {isa = PBXBuildFile; fileRef = 2CCA83801D9C8ADF003C61A3 /* MainViewController.swift */; };
		2CCA83841D9C8B6D003C61A3 /* Timer.swift in Sources */ = {isa = PBXBuildFile; fileRef = 2CCA83831D9C8B6D003C61A3 /* Timer.swift */; };
/* End PBXBuildFile section */

/* Begin PBXContainerItemProxy section */
		2CCA83491D9C8AC2003C61A3 /* PBXContainerItemProxy */ = {
			isa = PBXContainerItemProxy;
			containerPortal = 2CCA832C1D9C8AC2003C61A3 /* Project object */;
			proxyType = 1;
			remoteGlobalIDString = 2CCA83331D9C8AC2003C61A3;
			remoteInfo = twentytwentytwenty;
		};
		2CCA83531D9C8AC2003C61A3 /* PBXContainerItemProxy */ = {
			isa = PBXContainerItemProxy;
			containerPortal = 2CCA832C1D9C8AC2003C61A3 /* Project object */;
			proxyType = 1;
			remoteGlobalIDString = 2CCA83501D9C8AC2003C61A3;
			remoteInfo = "twentytwentytwenty WatchKit App";
		};
		2CCA83621D9C8AC2003C61A3 /* PBXContainerItemProxy */ = {
			isa = PBXContainerItemProxy;
			containerPortal = 2CCA832C1D9C8AC2003C61A3 /* Project object */;
			proxyType = 1;
			remoteGlobalIDString = 2CCA835F1D9C8AC2003C61A3;
			remoteInfo = "twentytwentytwenty WatchKit Extension";
		};
/* End PBXContainerItemProxy section */

/* Begin PBXCopyFilesBuildPhase section */
		2CCA83751D9C8AC2003C61A3 /* Embed App Extensions */ = {
			isa = PBXCopyFilesBuildPhase;
			buildActionMask = 2147483647;
			dstPath = "";
			dstSubfolderSpec = 13;
			files = (
				2CCA83611D9C8AC2003C61A3 /* twentytwentytwenty WatchKit Extension.appex in Embed App Extensions */,
			);
			name = "Embed App Extensions";
			runOnlyForDeploymentPostprocessing = 0;
		};
		2CCA83791D9C8AC2003C61A3 /* Embed Watch Content */ = {
			isa = PBXCopyFilesBuildPhase;
			buildActionMask = 2147483647;
			dstPath = "$(CONTENTS_FOLDER_PATH)/Watch";
			dstSubfolderSpec = 16;
			files = (
				2CCA83521D9C8AC2003C61A3 /* twentytwentytwenty WatchKit App.app in Embed Watch Content */,
			);
			name = "Embed Watch Content";
			runOnlyForDeploymentPostprocessing = 0;
		};
/* End PBXCopyFilesBuildPhase section */

/* Begin PBXFileReference section */
		2C5D620A1D9FF540009266AC /* WatchMessageDelegate.swift */ = {isa = PBXFileReference; fileEncoding = 4; lastKnownFileType = sourcecode.swift; path = WatchMessageDelegate.swift; sourceTree = "<group>"; };
		2C5D620C1DA019D2009266AC /* WatchMessageDelegate.swift */ = {isa = PBXFileReference; fileEncoding = 4; lastKnownFileType = sourcecode.swift; path = WatchMessageDelegate.swift; sourceTree = "<group>"; };
		2C74A5651D9F4D8200ED3849 /* NotificationService.swift */ = {isa = PBXFileReference; fileEncoding = 4; lastKnownFileType = sourcecode.swift; path = NotificationService.swift; sourceTree = "<group>"; };
		2C74A5671D9F4D8C00ED3849 /* TimeMachine.swift */ = {isa = PBXFileReference; fileEncoding = 4; lastKnownFileType = sourcecode.swift; path = TimeMachine.swift; sourceTree = "<group>"; };
		2CCA83341D9C8AC2003C61A3 /* twentytwentytwenty.app */ = {isa = PBXFileReference; explicitFileType = wrapper.application; includeInIndex = 0; path = twentytwentytwenty.app; sourceTree = BUILT_PRODUCTS_DIR; };
		2CCA83371D9C8AC2003C61A3 /* AppDelegate.swift */ = {isa = PBXFileReference; lastKnownFileType = sourcecode.swift; path = AppDelegate.swift; sourceTree = "<group>"; };
		2CCA833C1D9C8AC2003C61A3 /* Base */ = {isa = PBXFileReference; lastKnownFileType = file.storyboard; name = Base; path = Base.lproj/Main.storyboard; sourceTree = "<group>"; };
		2CCA833E1D9C8AC2003C61A3 /* Assets.xcassets */ = {isa = PBXFileReference; lastKnownFileType = folder.assetcatalog; path = Assets.xcassets; sourceTree = "<group>"; };
		2CCA83411D9C8AC2003C61A3 /* Base */ = {isa = PBXFileReference; lastKnownFileType = file.storyboard; name = Base; path = Base.lproj/LaunchScreen.storyboard; sourceTree = "<group>"; };
		2CCA83431D9C8AC2003C61A3 /* Info.plist */ = {isa = PBXFileReference; lastKnownFileType = text.plist.xml; path = Info.plist; sourceTree = "<group>"; };
		2CCA83481D9C8AC2003C61A3 /* twentytwentytwentyUITests.xctest */ = {isa = PBXFileReference; explicitFileType = wrapper.cfbundle; includeInIndex = 0; path = twentytwentytwentyUITests.xctest; sourceTree = BUILT_PRODUCTS_DIR; };
		2CCA834C1D9C8AC2003C61A3 /* twentytwentytwentyUITests.swift */ = {isa = PBXFileReference; lastKnownFileType = sourcecode.swift; path = twentytwentytwentyUITests.swift; sourceTree = "<group>"; };
		2CCA834E1D9C8AC2003C61A3 /* Info.plist */ = {isa = PBXFileReference; lastKnownFileType = text.plist.xml; path = Info.plist; sourceTree = "<group>"; };
		2CCA83511D9C8AC2003C61A3 /* twentytwentytwenty WatchKit App.app */ = {isa = PBXFileReference; explicitFileType = wrapper.application; includeInIndex = 0; path = "twentytwentytwenty WatchKit App.app"; sourceTree = BUILT_PRODUCTS_DIR; };
		2CCA83571D9C8AC2003C61A3 /* Base */ = {isa = PBXFileReference; lastKnownFileType = file.storyboard; name = Base; path = Base.lproj/Interface.storyboard; sourceTree = "<group>"; };
		2CCA83591D9C8AC2003C61A3 /* Assets.xcassets */ = {isa = PBXFileReference; lastKnownFileType = folder.assetcatalog; path = Assets.xcassets; sourceTree = "<group>"; };
		2CCA835B1D9C8AC2003C61A3 /* Info.plist */ = {isa = PBXFileReference; lastKnownFileType = text.plist.xml; path = Info.plist; sourceTree = "<group>"; };
		2CCA83601D9C8AC2003C61A3 /* twentytwentytwenty WatchKit Extension.appex */ = {isa = PBXFileReference; explicitFileType = "wrapper.app-extension"; includeInIndex = 0; path = "twentytwentytwenty WatchKit Extension.appex"; sourceTree = BUILT_PRODUCTS_DIR; };
		2CCA83661D9C8AC2003C61A3 /* PushNotificationPayload.apns */ = {isa = PBXFileReference; lastKnownFileType = text; path = PushNotificationPayload.apns; sourceTree = "<group>"; };
		2CCA83671D9C8AC2003C61A3 /* InterfaceController.swift */ = {isa = PBXFileReference; lastKnownFileType = sourcecode.swift; path = InterfaceController.swift; sourceTree = "<group>"; };
		2CCA83691D9C8AC2003C61A3 /* ExtensionDelegate.swift */ = {isa = PBXFileReference; lastKnownFileType = sourcecode.swift; path = ExtensionDelegate.swift; sourceTree = "<group>"; };
		2CCA836B1D9C8AC2003C61A3 /* NotificationController.swift */ = {isa = PBXFileReference; lastKnownFileType = sourcecode.swift; path = NotificationController.swift; sourceTree = "<group>"; };
		2CCA836D1D9C8AC2003C61A3 /* Assets.xcassets */ = {isa = PBXFileReference; lastKnownFileType = folder.assetcatalog; path = Assets.xcassets; sourceTree = "<group>"; };
		2CCA836F1D9C8AC2003C61A3 /* Info.plist */ = {isa = PBXFileReference; lastKnownFileType = text.plist.xml; path = Info.plist; sourceTree = "<group>"; };
		2CCA83801D9C8ADF003C61A3 /* MainViewController.swift */ = {isa = PBXFileReference; fileEncoding = 4; lastKnownFileType = sourcecode.swift; path = MainViewController.swift; sourceTree = "<group>"; };
		2CCA83831D9C8B6D003C61A3 /* Timer.swift */ = {isa = PBXFileReference; fileEncoding = 4; lastKnownFileType = sourcecode.swift; path = Timer.swift; sourceTree = "<group>"; };
/* End PBXFileReference section */

/* Begin PBXFrameworksBuildPhase section */
		2CCA83311D9C8AC2003C61A3 /* Frameworks */ = {
			isa = PBXFrameworksBuildPhase;
			buildActionMask = 2147483647;
			files = (
			);
			runOnlyForDeploymentPostprocessing = 0;
		};
		2CCA83451D9C8AC2003C61A3 /* Frameworks */ = {
			isa = PBXFrameworksBuildPhase;
			buildActionMask = 2147483647;
			files = (
			);
			runOnlyForDeploymentPostprocessing = 0;
		};
		2CCA835D1D9C8AC2003C61A3 /* Frameworks */ = {
			isa = PBXFrameworksBuildPhase;
			buildActionMask = 2147483647;
			files = (
			);
			runOnlyForDeploymentPostprocessing = 0;
		};
/* End PBXFrameworksBuildPhase section */

/* Begin PBXGroup section */
		2CCA832B1D9C8AC2003C61A3 = {
			isa = PBXGroup;
			children = (
				2CCA83361D9C8AC2003C61A3 /* twentytwentytwenty */,
				2CCA834B1D9C8AC2003C61A3 /* twentytwentytwentyUITests */,
				2CCA83551D9C8AC2003C61A3 /* twentytwentytwenty WatchKit App */,
				2CCA83641D9C8AC2003C61A3 /* twentytwentytwenty WatchKit Extension */,
				2CCA83351D9C8AC2003C61A3 /* Products */,
			);
			sourceTree = "<group>";
		};
		2CCA83351D9C8AC2003C61A3 /* Products */ = {
			isa = PBXGroup;
			children = (
				2CCA83341D9C8AC2003C61A3 /* twentytwentytwenty.app */,
				2CCA83481D9C8AC2003C61A3 /* twentytwentytwentyUITests.xctest */,
				2CCA83511D9C8AC2003C61A3 /* twentytwentytwenty WatchKit App.app */,
				2CCA83601D9C8AC2003C61A3 /* twentytwentytwenty WatchKit Extension.appex */,
			);
			name = Products;
			sourceTree = "<group>";
		};
		2CCA83361D9C8AC2003C61A3 /* twentytwentytwenty */ = {
			isa = PBXGroup;
			children = (
				2CCA83371D9C8AC2003C61A3 /* AppDelegate.swift */,
				2CCA833B1D9C8AC2003C61A3 /* Main.storyboard */,
				2CCA833E1D9C8AC2003C61A3 /* Assets.xcassets */,
				2CCA83401D9C8AC2003C61A3 /* LaunchScreen.storyboard */,
				2CCA83431D9C8AC2003C61A3 /* Info.plist */,
				2CCA83821D9C8AE5003C61A3 /* viewControllers */,
				2CCA83831D9C8B6D003C61A3 /* Timer.swift */,
				2C74A5651D9F4D8200ED3849 /* NotificationService.swift */,
				2C74A5671D9F4D8C00ED3849 /* TimeMachine.swift */,
				2C5D620A1D9FF540009266AC /* WatchMessageDelegate.swift */,
			);
			path = twentytwentytwenty;
			sourceTree = "<group>";
		};
		2CCA834B1D9C8AC2003C61A3 /* twentytwentytwentyUITests */ = {
			isa = PBXGroup;
			children = (
				2CCA834C1D9C8AC2003C61A3 /* twentytwentytwentyUITests.swift */,
				2CCA834E1D9C8AC2003C61A3 /* Info.plist */,
			);
			path = twentytwentytwentyUITests;
			sourceTree = "<group>";
		};
		2CCA83551D9C8AC2003C61A3 /* twentytwentytwenty WatchKit App */ = {
			isa = PBXGroup;
			children = (
				2CCA83561D9C8AC2003C61A3 /* Interface.storyboard */,
				2CCA83591D9C8AC2003C61A3 /* Assets.xcassets */,
				2CCA835B1D9C8AC2003C61A3 /* Info.plist */,
			);
			path = "twentytwentytwenty WatchKit App";
			sourceTree = "<group>";
		};
		2CCA83641D9C8AC2003C61A3 /* twentytwentytwenty WatchKit Extension */ = {
			isa = PBXGroup;
			children = (
				2CCA83671D9C8AC2003C61A3 /* InterfaceController.swift */,
				2CCA83691D9C8AC2003C61A3 /* ExtensionDelegate.swift */,
				2CCA836B1D9C8AC2003C61A3 /* NotificationController.swift */,
				2CCA836D1D9C8AC2003C61A3 /* Assets.xcassets */,
				2CCA836F1D9C8AC2003C61A3 /* Info.plist */,
				2CCA83651D9C8AC2003C61A3 /* Supporting Files */,
				2C5D620C1DA019D2009266AC /* WatchMessageDelegate.swift */,
			);
			path = "twentytwentytwenty WatchKit Extension";
			sourceTree = "<group>";
		};
		2CCA83651D9C8AC2003C61A3 /* Supporting Files */ = {
			isa = PBXGroup;
			children = (
				2CCA83661D9C8AC2003C61A3 /* PushNotificationPayload.apns */,
			);
			name = "Supporting Files";
			sourceTree = "<group>";
		};
		2CCA83821D9C8AE5003C61A3 /* viewControllers */ = {
			isa = PBXGroup;
			children = (
				2CCA83801D9C8ADF003C61A3 /* MainViewController.swift */,
			);
			name = viewControllers;
			sourceTree = "<group>";
		};
/* End PBXGroup section */

/* Begin PBXNativeTarget section */
		2CCA83331D9C8AC2003C61A3 /* twentytwentytwenty */ = {
			isa = PBXNativeTarget;
			buildConfigurationList = 2CCA837A1D9C8AC2003C61A3 /* Build configuration list for PBXNativeTarget "twentytwentytwenty" */;
			buildPhases = (
				2CCA83301D9C8AC2003C61A3 /* Sources */,
				2CCA83311D9C8AC2003C61A3 /* Frameworks */,
				2CCA83321D9C8AC2003C61A3 /* Resources */,
				2CCA83791D9C8AC2003C61A3 /* Embed Watch Content */,
			);
			buildRules = (
			);
			dependencies = (
				2CCA83541D9C8AC2003C61A3 /* PBXTargetDependency */,
			);
			name = twentytwentytwenty;
			productName = twentytwentytwenty;
			productReference = 2CCA83341D9C8AC2003C61A3 /* twentytwentytwenty.app */;
			productType = "com.apple.product-type.application";
		};
		2CCA83471D9C8AC2003C61A3 /* twentytwentytwentyUITests */ = {
			isa = PBXNativeTarget;
			buildConfigurationList = 2CCA837D1D9C8AC2003C61A3 /* Build configuration list for PBXNativeTarget "twentytwentytwentyUITests" */;
			buildPhases = (
				2CCA83441D9C8AC2003C61A3 /* Sources */,
				2CCA83451D9C8AC2003C61A3 /* Frameworks */,
				2CCA83461D9C8AC2003C61A3 /* Resources */,
			);
			buildRules = (
			);
			dependencies = (
				2CCA834A1D9C8AC2003C61A3 /* PBXTargetDependency */,
			);
			name = twentytwentytwentyUITests;
			productName = twentytwentytwentyUITests;
			productReference = 2CCA83481D9C8AC2003C61A3 /* twentytwentytwentyUITests.xctest */;
			productType = "com.apple.product-type.bundle.ui-testing";
		};
		2CCA83501D9C8AC2003C61A3 /* twentytwentytwenty WatchKit App */ = {
			isa = PBXNativeTarget;
			buildConfigurationList = 2CCA83761D9C8AC2003C61A3 /* Build configuration list for PBXNativeTarget "twentytwentytwenty WatchKit App" */;
			buildPhases = (
				2CCA834F1D9C8AC2003C61A3 /* Resources */,
				2CCA83751D9C8AC2003C61A3 /* Embed App Extensions */,
			);
			buildRules = (
			);
			dependencies = (
				2CCA83631D9C8AC2003C61A3 /* PBXTargetDependency */,
			);
			name = "twentytwentytwenty WatchKit App";
			productName = "twentytwentytwenty WatchKit App";
			productReference = 2CCA83511D9C8AC2003C61A3 /* twentytwentytwenty WatchKit App.app */;
			productType = "com.apple.product-type.application.watchapp2";
		};
		2CCA835F1D9C8AC2003C61A3 /* twentytwentytwenty WatchKit Extension */ = {
			isa = PBXNativeTarget;
			buildConfigurationList = 2CCA83721D9C8AC2003C61A3 /* Build configuration list for PBXNativeTarget "twentytwentytwenty WatchKit Extension" */;
			buildPhases = (
				2CCA835C1D9C8AC2003C61A3 /* Sources */,
				2CCA835D1D9C8AC2003C61A3 /* Frameworks */,
				2CCA835E1D9C8AC2003C61A3 /* Resources */,
			);
			buildRules = (
			);
			dependencies = (
			);
			name = "twentytwentytwenty WatchKit Extension";
			productName = "twentytwentytwenty WatchKit Extension";
			productReference = 2CCA83601D9C8AC2003C61A3 /* twentytwentytwenty WatchKit Extension.appex */;
			productType = "com.apple.product-type.watchkit2-extension";
		};
/* End PBXNativeTarget section */

/* Begin PBXProject section */
		2CCA832C1D9C8AC2003C61A3 /* Project object */ = {
			isa = PBXProject;
			attributes = {
				LastSwiftUpdateCheck = 0730;
				LastUpgradeCheck = 0730;
				ORGANIZATIONNAME = "Bud Manstrong";
				TargetAttributes = {
					2CCA83331D9C8AC2003C61A3 = {
						CreatedOnToolsVersion = 7.3.1;
						DevelopmentTeam = 8CAFRP4KNJ;
						SystemCapabilities = {
							com.apple.BackgroundModes = {
								enabled = 1;
							};
						};
					};
					2CCA83471D9C8AC2003C61A3 = {
						CreatedOnToolsVersion = 7.3.1;
						DevelopmentTeam = 8CAFRP4KNJ;
						TestTargetID = 2CCA83331D9C8AC2003C61A3;
					};
					2CCA83501D9C8AC2003C61A3 = {
						CreatedOnToolsVersion = 7.3.1;
						DevelopmentTeam = 8CAFRP4KNJ;
					};
					2CCA835F1D9C8AC2003C61A3 = {
						CreatedOnToolsVersion = 7.3.1;
						DevelopmentTeam = 8CAFRP4KNJ;
					};
				};
			};
			buildConfigurationList = 2CCA832F1D9C8AC2003C61A3 /* Build configuration list for PBXProject "twentytwentytwenty" */;
			compatibilityVersion = "Xcode 3.2";
			developmentRegion = English;
			hasScannedForEncodings = 0;
			knownRegions = (
				en,
				Base,
			);
			mainGroup = 2CCA832B1D9C8AC2003C61A3;
			productRefGroup = 2CCA83351D9C8AC2003C61A3 /* Products */;
			projectDirPath = "";
			projectRoot = "";
			targets = (
				2CCA83331D9C8AC2003C61A3 /* twentytwentytwenty */,
				2CCA83471D9C8AC2003C61A3 /* twentytwentytwentyUITests */,
				2CCA83501D9C8AC2003C61A3 /* twentytwentytwenty WatchKit App */,
				2CCA835F1D9C8AC2003C61A3 /* twentytwentytwenty WatchKit Extension */,
			);
		};
/* End PBXProject section */

/* Begin PBXResourcesBuildPhase section */
		2CCA83321D9C8AC2003C61A3 /* Resources */ = {
			isa = PBXResourcesBuildPhase;
			buildActionMask = 2147483647;
			files = (
				2CCA83421D9C8AC2003C61A3 /* LaunchScreen.storyboard in Resources */,
				2CCA833F1D9C8AC2003C61A3 /* Assets.xcassets in Resources */,
				2CCA833D1D9C8AC2003C61A3 /* Main.storyboard in Resources */,
			);
			runOnlyForDeploymentPostprocessing = 0;
		};
		2CCA83461D9C8AC2003C61A3 /* Resources */ = {
			isa = PBXResourcesBuildPhase;
			buildActionMask = 2147483647;
			files = (
			);
			runOnlyForDeploymentPostprocessing = 0;
		};
		2CCA834F1D9C8AC2003C61A3 /* Resources */ = {
			isa = PBXResourcesBuildPhase;
			buildActionMask = 2147483647;
			files = (
				2CCA835A1D9C8AC2003C61A3 /* Assets.xcassets in Resources */,
				2CCA83581D9C8AC2003C61A3 /* Interface.storyboard in Resources */,
			);
			runOnlyForDeploymentPostprocessing = 0;
		};
		2CCA835E1D9C8AC2003C61A3 /* Resources */ = {
			isa = PBXResourcesBuildPhase;
			buildActionMask = 2147483647;
			files = (
				2CCA836E1D9C8AC2003C61A3 /* Assets.xcassets in Resources */,
			);
			runOnlyForDeploymentPostprocessing = 0;
		};
/* End PBXResourcesBuildPhase section */

/* Begin PBXSourcesBuildPhase section */
		2CCA83301D9C8AC2003C61A3 /* Sources */ = {
			isa = PBXSourcesBuildPhase;
			buildActionMask = 2147483647;
			files = (
				2CCA83811D9C8ADF003C61A3 /* MainViewController.swift in Sources */,
				2C74A5681D9F4D8C00ED3849 /* TimeMachine.swift in Sources */,
				2CCA83381D9C8AC2003C61A3 /* AppDelegate.swift in Sources */,
				2C74A5661D9F4D8200ED3849 /* NotificationService.swift in Sources */,
				2C5D620B1D9FF540009266AC /* WatchMessageDelegate.swift in Sources */,
				2CCA83841D9C8B6D003C61A3 /* Timer.swift in Sources */,
			);
			runOnlyForDeploymentPostprocessing = 0;
		};
		2CCA83441D9C8AC2003C61A3 /* Sources */ = {
			isa = PBXSourcesBuildPhase;
			buildActionMask = 2147483647;
			files = (
				2CCA834D1D9C8AC2003C61A3 /* twentytwentytwentyUITests.swift in Sources */,
			);
			runOnlyForDeploymentPostprocessing = 0;
		};
		2CCA835C1D9C8AC2003C61A3 /* Sources */ = {
			isa = PBXSourcesBuildPhase;
			buildActionMask = 2147483647;
			files = (
				2C5D620D1DA019D2009266AC /* WatchMessageDelegate.swift in Sources */,
				2CCA836C1D9C8AC2003C61A3 /* NotificationController.swift in Sources */,
				2CCA836A1D9C8AC2003C61A3 /* ExtensionDelegate.swift in Sources */,
				2CCA83681D9C8AC2003C61A3 /* InterfaceController.swift in Sources */,
			);
			runOnlyForDeploymentPostprocessing = 0;
		};
/* End PBXSourcesBuildPhase section */

/* Begin PBXTargetDependency section */
		2CCA834A1D9C8AC2003C61A3 /* PBXTargetDependency */ = {
			isa = PBXTargetDependency;
			target = 2CCA83331D9C8AC2003C61A3 /* twentytwentytwenty */;
			targetProxy = 2CCA83491D9C8AC2003C61A3 /* PBXContainerItemProxy */;
		};
		2CCA83541D9C8AC2003C61A3 /* PBXTargetDependency */ = {
			isa = PBXTargetDependency;
			target = 2CCA83501D9C8AC2003C61A3 /* twentytwentytwenty WatchKit App */;
			targetProxy = 2CCA83531D9C8AC2003C61A3 /* PBXContainerItemProxy */;
		};
		2CCA83631D9C8AC2003C61A3 /* PBXTargetDependency */ = {
			isa = PBXTargetDependency;
			target = 2CCA835F1D9C8AC2003C61A3 /* twentytwentytwenty WatchKit Extension */;
			targetProxy = 2CCA83621D9C8AC2003C61A3 /* PBXContainerItemProxy */;
		};
/* End PBXTargetDependency section */

/* Begin PBXVariantGroup section */
		2CCA833B1D9C8AC2003C61A3 /* Main.storyboard */ = {
			isa = PBXVariantGroup;
			children = (
				2CCA833C1D9C8AC2003C61A3 /* Base */,
			);
			name = Main.storyboard;
			sourceTree = "<group>";
		};
		2CCA83401D9C8AC2003C61A3 /* LaunchScreen.storyboard */ = {
			isa = PBXVariantGroup;
			children = (
				2CCA83411D9C8AC2003C61A3 /* Base */,
			);
			name = LaunchScreen.storyboard;
			sourceTree = "<group>";
		};
		2CCA83561D9C8AC2003C61A3 /* Interface.storyboard */ = {
			isa = PBXVariantGroup;
			children = (
				2CCA83571D9C8AC2003C61A3 /* Base */,
			);
			name = Interface.storyboard;
			sourceTree = "<group>";
		};
/* End PBXVariantGroup section */

/* Begin XCBuildConfiguration section */
		2CCA83701D9C8AC2003C61A3 /* Debug */ = {
			isa = XCBuildConfiguration;
			buildSettings = {
				ALWAYS_SEARCH_USER_PATHS = NO;
				CLANG_ANALYZER_NONNULL = YES;
				CLANG_CXX_LANGUAGE_STANDARD = "gnu++0x";
				CLANG_CXX_LIBRARY = "libc++";
				CLANG_ENABLE_MODULES = YES;
				CLANG_ENABLE_OBJC_ARC = YES;
				CLANG_WARN_BOOL_CONVERSION = YES;
				CLANG_WARN_CONSTANT_CONVERSION = YES;
				CLANG_WARN_DIRECT_OBJC_ISA_USAGE = YES_ERROR;
				CLANG_WARN_EMPTY_BODY = YES;
				CLANG_WARN_ENUM_CONVERSION = YES;
				CLANG_WARN_INT_CONVERSION = YES;
				CLANG_WARN_OBJC_ROOT_CLASS = YES_ERROR;
				CLANG_WARN_UNREACHABLE_CODE = YES;
				CLANG_WARN__DUPLICATE_METHOD_MATCH = YES;
				"CODE_SIGN_IDENTITY[sdk=iphoneos*]" = "iPhone Developer";
				COPY_PHASE_STRIP = NO;
				DEBUG_INFORMATION_FORMAT = dwarf;
				ENABLE_STRICT_OBJC_MSGSEND = YES;
				ENABLE_TESTABILITY = YES;
				GCC_C_LANGUAGE_STANDARD = gnu99;
				GCC_DYNAMIC_NO_PIC = NO;
				GCC_NO_COMMON_BLOCKS = YES;
				GCC_OPTIMIZATION_LEVEL = 0;
				GCC_PREPROCESSOR_DEFINITIONS = (
					"DEBUG=1",
					"$(inherited)",
				);
				GCC_WARN_64_TO_32_BIT_CONVERSION = YES;
				GCC_WARN_ABOUT_RETURN_TYPE = YES_ERROR;
				GCC_WARN_UNDECLARED_SELECTOR = YES;
				GCC_WARN_UNINITIALIZED_AUTOS = YES_AGGRESSIVE;
				GCC_WARN_UNUSED_FUNCTION = YES;
				GCC_WARN_UNUSED_VARIABLE = YES;
				IPHONEOS_DEPLOYMENT_TARGET = 9.3;
				MTL_ENABLE_DEBUG_INFO = YES;
				ONLY_ACTIVE_ARCH = YES;
				SDKROOT = iphoneos;
				SWIFT_OPTIMIZATION_LEVEL = "-Onone";
			};
			name = Debug;
		};
		2CCA83711D9C8AC2003C61A3 /* Release */ = {
			isa = XCBuildConfiguration;
			buildSettings = {
				ALWAYS_SEARCH_USER_PATHS = NO;
				CLANG_ANALYZER_NONNULL = YES;
				CLANG_CXX_LANGUAGE_STANDARD = "gnu++0x";
				CLANG_CXX_LIBRARY = "libc++";
				CLANG_ENABLE_MODULES = YES;
				CLANG_ENABLE_OBJC_ARC = YES;
				CLANG_WARN_BOOL_CONVERSION = YES;
				CLANG_WARN_CONSTANT_CONVERSION = YES;
				CLANG_WARN_DIRECT_OBJC_ISA_USAGE = YES_ERROR;
				CLANG_WARN_EMPTY_BODY = YES;
				CLANG_WARN_ENUM_CONVERSION = YES;
				CLANG_WARN_INT_CONVERSION = YES;
				CLANG_WARN_OBJC_ROOT_CLASS = YES_ERROR;
				CLANG_WARN_UNREACHABLE_CODE = YES;
				CLANG_WARN__DUPLICATE_METHOD_MATCH = YES;
				"CODE_SIGN_IDENTITY[sdk=iphoneos*]" = "iPhone Developer";
				COPY_PHASE_STRIP = NO;
				DEBUG_INFORMATION_FORMAT = "dwarf-with-dsym";
				ENABLE_NS_ASSERTIONS = NO;
				ENABLE_STRICT_OBJC_MSGSEND = YES;
				GCC_C_LANGUAGE_STANDARD = gnu99;
				GCC_NO_COMMON_BLOCKS = YES;
				GCC_WARN_64_TO_32_BIT_CONVERSION = YES;
				GCC_WARN_ABOUT_RETURN_TYPE = YES_ERROR;
				GCC_WARN_UNDECLARED_SELECTOR = YES;
				GCC_WARN_UNINITIALIZED_AUTOS = YES_AGGRESSIVE;
				GCC_WARN_UNUSED_FUNCTION = YES;
				GCC_WARN_UNUSED_VARIABLE = YES;
				IPHONEOS_DEPLOYMENT_TARGET = 9.3;
				MTL_ENABLE_DEBUG_INFO = NO;
				SDKROOT = iphoneos;
				VALIDATE_PRODUCT = YES;
			};
			name = Release;
		};
		2CCA83731D9C8AC2003C61A3 /* Debug */ = {
			isa = XCBuildConfiguration;
			buildSettings = {
				INFOPLIST_FILE = "twentytwentytwenty WatchKit Extension/Info.plist";
				LD_RUNPATH_SEARCH_PATHS = "$(inherited) @executable_path/Frameworks @executable_path/../../Frameworks";
				PRODUCT_BUNDLE_IDENTIFIER = com.budmanstrong.twentytwentytwenty.watchkitapp.watchkitextension;
				PRODUCT_NAME = "${TARGET_NAME}";
				SDKROOT = watchos;
				SKIP_INSTALL = YES;
				TARGETED_DEVICE_FAMILY = 4;
				WATCHOS_DEPLOYMENT_TARGET = 2.2;
			};
			name = Debug;
		};
		2CCA83741D9C8AC2003C61A3 /* Release */ = {
			isa = XCBuildConfiguration;
			buildSettings = {
				INFOPLIST_FILE = "twentytwentytwenty WatchKit Extension/Info.plist";
				LD_RUNPATH_SEARCH_PATHS = "$(inherited) @executable_path/Frameworks @executable_path/../../Frameworks";
				PRODUCT_BUNDLE_IDENTIFIER = com.budmanstrong.twentytwentytwenty.watchkitapp.watchkitextension;
				PRODUCT_NAME = "${TARGET_NAME}";
				SDKROOT = watchos;
				SKIP_INSTALL = YES;
				TARGETED_DEVICE_FAMILY = 4;
				WATCHOS_DEPLOYMENT_TARGET = 2.2;
			};
			name = Release;
		};
		2CCA83771D9C8AC2003C61A3 /* Debug */ = {
			isa = XCBuildConfiguration;
			buildSettings = {
				ASSETCATALOG_COMPILER_APPICON_NAME = AppIcon;
				EMBEDDED_CONTENT_CONTAINS_SWIFT = YES;
				IBSC_MODULE = twentytwentytwenty_WatchKit_Extension;
				INFOPLIST_FILE = "twentytwentytwenty WatchKit App/Info.plist";
				PRODUCT_BUNDLE_IDENTIFIER = com.budmanstrong.twentytwentytwenty.watchkitapp;
				PRODUCT_NAME = "$(TARGET_NAME)";
				SDKROOT = watchos;
				SKIP_INSTALL = YES;
				TARGETED_DEVICE_FAMILY = 4;
				WATCHOS_DEPLOYMENT_TARGET = 2.2;
			};
			name = Debug;
		};
		2CCA83781D9C8AC2003C61A3 /* Release */ = {
			isa = XCBuildConfiguration;
			buildSettings = {
				ASSETCATALOG_COMPILER_APPICON_NAME = AppIcon;
				EMBEDDED_CONTENT_CONTAINS_SWIFT = YES;
				IBSC_MODULE = twentytwentytwenty_WatchKit_Extension;
				INFOPLIST_FILE = "twentytwentytwenty WatchKit App/Info.plist";
				PRODUCT_BUNDLE_IDENTIFIER = com.budmanstrong.twentytwentytwenty.watchkitapp;
				PRODUCT_NAME = "$(TARGET_NAME)";
				SDKROOT = watchos;
				SKIP_INSTALL = YES;
				TARGETED_DEVICE_FAMILY = 4;
				WATCHOS_DEPLOYMENT_TARGET = 2.2;
			};
			name = Release;
		};
		2CCA837B1D9C8AC2003C61A3 /* Debug */ = {
			isa = XCBuildConfiguration;
			buildSettings = {
				ASSETCATALOG_COMPILER_APPICON_NAME = AppIcon;
				INFOPLIST_FILE = twentytwentytwenty/Info.plist;
				LD_RUNPATH_SEARCH_PATHS = "$(inherited) @executable_path/Frameworks";
				PRODUCT_BUNDLE_IDENTIFIER = com.budmanstrong.twentytwentytwenty;
				PRODUCT_NAME = "$(TARGET_NAME)";
			};
			name = Debug;
		};
		2CCA837C1D9C8AC2003C61A3 /* Release */ = {
			isa = XCBuildConfiguration;
			buildSettings = {
				ASSETCATALOG_COMPILER_APPICON_NAME = AppIcon;
				INFOPLIST_FILE = twentytwentytwenty/Info.plist;
				LD_RUNPATH_SEARCH_PATHS = "$(inherited) @executable_path/Frameworks";
				PRODUCT_BUNDLE_IDENTIFIER = com.budmanstrong.twentytwentytwenty;
				PRODUCT_NAME = "$(TARGET_NAME)";
			};
			name = Release;
		};
		2CCA837E1D9C8AC2003C61A3 /* Debug */ = {
			isa = XCBuildConfiguration;
			buildSettings = {
				INFOPLIST_FILE = twentytwentytwentyUITests/Info.plist;
				LD_RUNPATH_SEARCH_PATHS = "$(inherited) @executable_path/Frameworks @loader_path/Frameworks";
				PRODUCT_BUNDLE_IDENTIFIER = com.budmanstrong.twentytwentytwentyUITests;
				PRODUCT_NAME = "$(TARGET_NAME)";
				TEST_TARGET_NAME = twentytwentytwenty;
			};
			name = Debug;
		};
		2CCA837F1D9C8AC2003C61A3 /* Release */ = {
			isa = XCBuildConfiguration;
			buildSettings = {
				INFOPLIST_FILE = twentytwentytwentyUITests/Info.plist;
				LD_RUNPATH_SEARCH_PATHS = "$(inherited) @executable_path/Frameworks @loader_path/Frameworks";
				PRODUCT_BUNDLE_IDENTIFIER = com.budmanstrong.twentytwentytwentyUITests;
				PRODUCT_NAME = "$(TARGET_NAME)";
				TEST_TARGET_NAME = twentytwentytwenty;
			};
			name = Release;
		};
/* End XCBuildConfiguration section */

/* Begin XCConfigurationList section */
		2CCA832F1D9C8AC2003C61A3 /* Build configuration list for PBXProject "twentytwentytwenty" */ = {
			isa = XCConfigurationList;
			buildConfigurations = (
				2CCA83701D9C8AC2003C61A3 /* Debug */,
				2CCA83711D9C8AC2003C61A3 /* Release */,
			);
			defaultConfigurationIsVisible = 0;
			defaultConfigurationName = Release;
		};
		2CCA83721D9C8AC2003C61A3 /* Build configuration list for PBXNativeTarget "twentytwentytwenty WatchKit Extension" */ = {
			isa = XCConfigurationList;
			buildConfigurations = (
				2CCA83731D9C8AC2003C61A3 /* Debug */,
				2CCA83741D9C8AC2003C61A3 /* Release */,
			);
			defaultConfigurationIsVisible = 0;
			defaultConfigurationName = Release;
		};
		2CCA83761D9C8AC2003C61A3 /* Build configuration list for PBXNativeTarget "twentytwentytwenty WatchKit App" */ = {
			isa = XCConfigurationList;
			buildConfigurations = (
				2CCA83771D9C8AC2003C61A3 /* Debug */,
				2CCA83781D9C8AC2003C61A3 /* Release */,
			);
			defaultConfigurationIsVisible = 0;
			defaultConfigurationName = Release;
		};
		2CCA837A1D9C8AC2003C61A3 /* Build configuration list for PBXNativeTarget "twentytwentytwenty" */ = {
			isa = XCConfigurationList;
			buildConfigurations = (
				2CCA837B1D9C8AC2003C61A3 /* Debug */,
				2CCA837C1D9C8AC2003C61A3 /* Release */,
			);
			defaultConfigurationIsVisible = 0;
			defaultConfigurationName = Release;
		};
		2CCA837D1D9C8AC2003C61A3 /* Build configuration list for PBXNativeTarget "twentytwentytwentyUITests" */ = {
			isa = XCConfigurationList;
			buildConfigurations = (
				2CCA837E1D9C8AC2003C61A3 /* Debug */,
				2CCA837F1D9C8AC2003C61A3 /* Release */,
			);
			defaultConfigurationIsVisible = 0;
			defaultConfigurationName = Release;
		};
/* End XCConfigurationList section */
	};
	rootObject = 2CCA832C1D9C8AC2003C61A3 /* Project object */;
}
